// !$*UTF8*$!
{
	archiveVersion = 1;
	classes = {
	};
	objectVersion = 50;
	objects = {

/* Begin PBXBuildFile section */
		1831114426392CC30004A154 /* AppDelegate.swift in Sources */ = {isa = PBXBuildFile; fileRef = 1831114326392CC30004A154 /* AppDelegate.swift */; };
		1831114626392CC30004A154 /* SceneDelegate.swift in Sources */ = {isa = PBXBuildFile; fileRef = 1831114526392CC30004A154 /* SceneDelegate.swift */; };
		1831114826392CC30004A154 /* ViewController.swift in Sources */ = {isa = PBXBuildFile; fileRef = 1831114726392CC30004A154 /* ViewController.swift */; };
		1831114B26392CC30004A154 /* Main.storyboard in Resources */ = {isa = PBXBuildFile; fileRef = 1831114926392CC30004A154 /* Main.storyboard */; };
		1831114D26392CC60004A154 /* Assets.xcassets in Resources */ = {isa = PBXBuildFile; fileRef = 1831114C26392CC60004A154 /* Assets.xcassets */; };
		1831115026392CC60004A154 /* LaunchScreen.storyboard in Resources */ = {isa = PBXBuildFile; fileRef = 1831114E26392CC60004A154 /* LaunchScreen.storyboard */; };
		1831115B26392CC70004A154 /* DemoTests.swift in Sources */ = {isa = PBXBuildFile; fileRef = 1831115A26392CC70004A154 /* DemoTests.swift */; };
		1831116626392CC70004A154 /* DemoUITests.swift in Sources */ = {isa = PBXBuildFile; fileRef = 1831116526392CC70004A154 /* DemoUITests.swift */; };
		183111822639504F0004A154 /* GridCollectionViewCell.swift in Sources */ = {isa = PBXBuildFile; fileRef = 183111802639504F0004A154 /* GridCollectionViewCell.swift */; };
		183111832639504F0004A154 /* GridCollectionViewCell.xib in Resources */ = {isa = PBXBuildFile; fileRef = 183111812639504F0004A154 /* GridCollectionViewCell.xib */; };
/* End PBXBuildFile section */

/* Begin PBXContainerItemProxy section */
		1831115726392CC70004A154 /* PBXContainerItemProxy */ = {
			isa = PBXContainerItemProxy;
			containerPortal = 1831113826392CC30004A154 /* Project object */;
			proxyType = 1;
			remoteGlobalIDString = 1831113F26392CC30004A154;
			remoteInfo = Demo;
		};
		1831116226392CC70004A154 /* PBXContainerItemProxy */ = {
			isa = PBXContainerItemProxy;
			containerPortal = 1831113826392CC30004A154 /* Project object */;
			proxyType = 1;
			remoteGlobalIDString = 1831113F26392CC30004A154;
			remoteInfo = Demo;
		};
/* End PBXContainerItemProxy section */

/* Begin PBXFileReference section */
		1831114026392CC30004A154 /* Demo.app */ = {isa = PBXFileReference; explicitFileType = wrapper.application; includeInIndex = 0; path = Demo.app; sourceTree = BUILT_PRODUCTS_DIR; };
		1831114326392CC30004A154 /* AppDelegate.swift */ = {isa = PBXFileReference; lastKnownFileType = sourcecode.swift; path = AppDelegate.swift; sourceTree = "<group>"; };
		1831114526392CC30004A154 /* SceneDelegate.swift */ = {isa = PBXFileReference; lastKnownFileType = sourcecode.swift; path = SceneDelegate.swift; sourceTree = "<group>"; };
		1831114726392CC30004A154 /* ViewController.swift */ = {isa = PBXFileReference; lastKnownFileType = sourcecode.swift; path = ViewController.swift; sourceTree = "<group>"; };
		1831114A26392CC30004A154 /* Base */ = {isa = PBXFileReference; lastKnownFileType = file.storyboard; name = Base; path = Base.lproj/Main.storyboard; sourceTree = "<group>"; };
		1831114C26392CC60004A154 /* Assets.xcassets */ = {isa = PBXFileReference; lastKnownFileType = folder.assetcatalog; path = Assets.xcassets; sourceTree = "<group>"; };
		1831114F26392CC60004A154 /* Base */ = {isa = PBXFileReference; lastKnownFileType = file.storyboard; name = Base; path = Base.lproj/LaunchScreen.storyboard; sourceTree = "<group>"; };
		1831115126392CC60004A154 /* Info.plist */ = {isa = PBXFileReference; lastKnownFileType = text.plist.xml; path = Info.plist; sourceTree = "<group>"; };
		1831115626392CC70004A154 /* DemoTests.xctest */ = {isa = PBXFileReference; explicitFileType = wrapper.cfbundle; includeInIndex = 0; path = DemoTests.xctest; sourceTree = BUILT_PRODUCTS_DIR; };
		1831115A26392CC70004A154 /* DemoTests.swift */ = {isa = PBXFileReference; lastKnownFileType = sourcecode.swift; path = DemoTests.swift; sourceTree = "<group>"; };
		1831115C26392CC70004A154 /* Info.plist */ = {isa = PBXFileReference; lastKnownFileType = text.plist.xml; path = Info.plist; sourceTree = "<group>"; };
		1831116126392CC70004A154 /* DemoUITests.xctest */ = {isa = PBXFileReference; explicitFileType = wrapper.cfbundle; includeInIndex = 0; path = DemoUITests.xctest; sourceTree = BUILT_PRODUCTS_DIR; };
		1831116526392CC70004A154 /* DemoUITests.swift */ = {isa = PBXFileReference; lastKnownFileType = sourcecode.swift; path = DemoUITests.swift; sourceTree = "<group>"; };
		1831116726392CC70004A154 /* Info.plist */ = {isa = PBXFileReference; lastKnownFileType = text.plist.xml; path = Info.plist; sourceTree = "<group>"; };
		183111802639504F0004A154 /* GridCollectionViewCell.swift */ = {isa = PBXFileReference; lastKnownFileType = sourcecode.swift; path = GridCollectionViewCell.swift; sourceTree = "<group>"; };
		183111812639504F0004A154 /* GridCollectionViewCell.xib */ = {isa = PBXFileReference; lastKnownFileType = file.xib; path = GridCollectionViewCell.xib; sourceTree = "<group>"; };
/* End PBXFileReference section */

/* Begin PBXFrameworksBuildPhase section */
		1831113D26392CC30004A154 /* Frameworks */ = {
			isa = PBXFrameworksBuildPhase;
			buildActionMask = 2147483647;
			files = (
			);
			runOnlyForDeploymentPostprocessing = 0;
		};
		1831115326392CC70004A154 /* Frameworks */ = {
			isa = PBXFrameworksBuildPhase;
			buildActionMask = 2147483647;
			files = (
			);
			runOnlyForDeploymentPostprocessing = 0;
		};
		1831115E26392CC70004A154 /* Frameworks */ = {
			isa = PBXFrameworksBuildPhase;
			buildActionMask = 2147483647;
			files = (
			);
			runOnlyForDeploymentPostprocessing = 0;
		};
/* End PBXFrameworksBuildPhase section */

/* Begin PBXGroup section */
		1831113726392CC30004A154 = {
			isa = PBXGroup;
			children = (
				1831114226392CC30004A154 /* Demo */,
				1831115926392CC70004A154 /* DemoTests */,
				1831116426392CC70004A154 /* DemoUITests */,
				1831114126392CC30004A154 /* Products */,
			);
			sourceTree = "<group>";
		};
		1831114126392CC30004A154 /* Products */ = {
			isa = PBXGroup;
			children = (
				1831114026392CC30004A154 /* Demo.app */,
				1831115626392CC70004A154 /* DemoTests.xctest */,
				1831116126392CC70004A154 /* DemoUITests.xctest */,
			);
			name = Products;
			sourceTree = "<group>";
		};
		1831114226392CC30004A154 /* Demo */ = {
			isa = PBXGroup;
			children = (
				1831117E2639501A0004A154 /* CollectionViewCell */,
				1831114326392CC30004A154 /* AppDelegate.swift */,
				1831114526392CC30004A154 /* SceneDelegate.swift */,
				1831114726392CC30004A154 /* ViewController.swift */,
				1831114926392CC30004A154 /* Main.storyboard */,
				1831114C26392CC60004A154 /* Assets.xcassets */,
				1831114E26392CC60004A154 /* LaunchScreen.storyboard */,
				1831115126392CC60004A154 /* Info.plist */,
			);
			path = Demo;
			sourceTree = "<group>";
		};
		1831115926392CC70004A154 /* DemoTests */ = {
			isa = PBXGroup;
			children = (
				1831115A26392CC70004A154 /* DemoTests.swift */,
				1831115C26392CC70004A154 /* Info.plist */,
			);
			path = DemoTests;
			sourceTree = "<group>";
		};
		1831116426392CC70004A154 /* DemoUITests */ = {
			isa = PBXGroup;
			children = (
				1831116526392CC70004A154 /* DemoUITests.swift */,
				1831116726392CC70004A154 /* Info.plist */,
			);
			path = DemoUITests;
			sourceTree = "<group>";
		};
		1831117E2639501A0004A154 /* CollectionViewCell */ = {
			isa = PBXGroup;
			children = (
				183111802639504F0004A154 /* GridCollectionViewCell.swift */,
				183111812639504F0004A154 /* GridCollectionViewCell.xib */,
			);
			path = CollectionViewCell;
			sourceTree = "<group>";
		};
/* End PBXGroup section */

/* Begin PBXNativeTarget section */
		1831113F26392CC30004A154 /* Demo */ = {
			isa = PBXNativeTarget;
			buildConfigurationList = 1831116A26392CC70004A154 /* Build configuration list for PBXNativeTarget "Demo" */;
			buildPhases = (
				1831113C26392CC30004A154 /* Sources */,
				1831113D26392CC30004A154 /* Frameworks */,
				1831113E26392CC30004A154 /* Resources */,
			);
			buildRules = (
			);
			dependencies = (
			);
			name = Demo;
			productName = Demo;
			productReference = 1831114026392CC30004A154 /* Demo.app */;
			productType = "com.apple.product-type.application";
		};
		1831115526392CC70004A154 /* DemoTests */ = {
			isa = PBXNativeTarget;
			buildConfigurationList = 1831116D26392CC70004A154 /* Build configuration list for PBXNativeTarget "DemoTests" */;
			buildPhases = (
				1831115226392CC70004A154 /* Sources */,
				1831115326392CC70004A154 /* Frameworks */,
				1831115426392CC70004A154 /* Resources */,
			);
			buildRules = (
			);
			dependencies = (
				1831115826392CC70004A154 /* PBXTargetDependency */,
			);
			name = DemoTests;
			productName = DemoTests;
			productReference = 1831115626392CC70004A154 /* DemoTests.xctest */;
			productType = "com.apple.product-type.bundle.unit-test";
		};
		1831116026392CC70004A154 /* DemoUITests */ = {
			isa = PBXNativeTarget;
			buildConfigurationList = 1831117026392CC70004A154 /* Build configuration list for PBXNativeTarget "DemoUITests" */;
			buildPhases = (
				1831115D26392CC70004A154 /* Sources */,
				1831115E26392CC70004A154 /* Frameworks */,
				1831115F26392CC70004A154 /* Resources */,
			);
			buildRules = (
			);
			dependencies = (
				1831116326392CC70004A154 /* PBXTargetDependency */,
			);
			name = DemoUITests;
			productName = DemoUITests;
			productReference = 1831116126392CC70004A154 /* DemoUITests.xctest */;
			productType = "com.apple.product-type.bundle.ui-testing";
		};
/* End PBXNativeTarget section */

/* Begin PBXProject section */
		1831113826392CC30004A154 /* Project object */ = {
			isa = PBXProject;
			attributes = {
				LastSwiftUpdateCheck = 1240;
				LastUpgradeCheck = 1240;
				TargetAttributes = {
					1831113F26392CC30004A154 = {
						CreatedOnToolsVersion = 12.4;
					};
					1831115526392CC70004A154 = {
						CreatedOnToolsVersion = 12.4;
						TestTargetID = 1831113F26392CC30004A154;
					};
					1831116026392CC70004A154 = {
						CreatedOnToolsVersion = 12.4;
						TestTargetID = 1831113F26392CC30004A154;
					};
				};
			};
			buildConfigurationList = 1831113B26392CC30004A154 /* Build configuration list for PBXProject "Demo" */;
			compatibilityVersion = "Xcode 9.3";
			developmentRegion = en;
			hasScannedForEncodings = 0;
			knownRegions = (
				en,
				Base,
			);
			mainGroup = 1831113726392CC30004A154;
			productRefGroup = 1831114126392CC30004A154 /* Products */;
			projectDirPath = "";
			projectRoot = "";
			targets = (
				1831113F26392CC30004A154 /* Demo */,
				1831115526392CC70004A154 /* DemoTests */,
				1831116026392CC70004A154 /* DemoUITests */,
			);
		};
/* End PBXProject section */

/* Begin PBXResourcesBuildPhase section */
		1831113E26392CC30004A154 /* Resources */ = {
			isa = PBXResourcesBuildPhase;
			buildActionMask = 2147483647;
			files = (
				183111832639504F0004A154 /* GridCollectionViewCell.xib in Resources */,
				1831115026392CC60004A154 /* LaunchScreen.storyboard in Resources */,
				1831114D26392CC60004A154 /* Assets.xcassets in Resources */,
				1831114B26392CC30004A154 /* Main.storyboard in Resources */,
			);
			runOnlyForDeploymentPostprocessing = 0;
		};
		1831115426392CC70004A154 /* Resources */ = {
			isa = PBXResourcesBuildPhase;
			buildActionMask = 2147483647;
			files = (
			);
			runOnlyForDeploymentPostprocessing = 0;
		};
		1831115F26392CC70004A154 /* Resources */ = {
			isa = PBXResourcesBuildPhase;
			buildActionMask = 2147483647;
			files = (
			);
			runOnlyForDeploymentPostprocessing = 0;
		};
/* End PBXResourcesBuildPhase section */

/* Begin PBXSourcesBuildPhase section */
		1831113C26392CC30004A154 /* Sources */ = {
			isa = PBXSourcesBuildPhase;
			buildActionMask = 2147483647;
			files = (
				183111822639504F0004A154 /* GridCollectionViewCell.swift in Sources */,
				1831114826392CC30004A154 /* ViewController.swift in Sources */,
				1831114426392CC30004A154 /* AppDelegate.swift in Sources */,
				1831114626392CC30004A154 /* SceneDelegate.swift in Sources */,
			);
			runOnlyForDeploymentPostprocessing = 0;
		};
		1831115226392CC70004A154 /* Sources */ = {
			isa = PBXSourcesBuildPhase;
			buildActionMask = 2147483647;
			files = (
				1831115B26392CC70004A154 /* DemoTests.swift in Sources */,
			);
			runOnlyForDeploymentPostprocessing = 0;
		};
		1831115D26392CC70004A154 /* Sources */ = {
			isa = PBXSourcesBuildPhase;
			buildActionMask = 2147483647;
			files = (
				1831116626392CC70004A154 /* DemoUITests.swift in Sources */,
			);
			runOnlyForDeploymentPostprocessing = 0;
		};
/* End PBXSourcesBuildPhase section */

/* Begin PBXTargetDependency section */
		1831115826392CC70004A154 /* PBXTargetDependency */ = {
			isa = PBXTargetDependency;
			target = 1831113F26392CC30004A154 /* Demo */;
			targetProxy = 1831115726392CC70004A154 /* PBXContainerItemProxy */;
		};
		1831116326392CC70004A154 /* PBXTargetDependency */ = {
			isa = PBXTargetDependency;
			target = 1831113F26392CC30004A154 /* Demo */;
			targetProxy = 1831116226392CC70004A154 /* PBXContainerItemProxy */;
		};
/* End PBXTargetDependency section */

/* Begin PBXVariantGroup section */
		1831114926392CC30004A154 /* Main.storyboard */ = {
			isa = PBXVariantGroup;
			children = (
				1831114A26392CC30004A154 /* Base */,
			);
			name = Main.storyboard;
			sourceTree = "<group>";
		};
		1831114E26392CC60004A154 /* LaunchScreen.storyboard */ = {
			isa = PBXVariantGroup;
			children = (
				1831114F26392CC60004A154 /* Base */,
			);
			name = LaunchScreen.storyboard;
			sourceTree = "<group>";
		};
/* End PBXVariantGroup section */

/* Begin XCBuildConfiguration section */
		1831116826392CC70004A154 /* Debug */ = {
			isa = XCBuildConfiguration;
			buildSettings = {
				ALWAYS_SEARCH_USER_PATHS = NO;
				CLANG_ANALYZER_NONNULL = YES;
				CLANG_ANALYZER_NUMBER_OBJECT_CONVERSION = YES_AGGRESSIVE;
				CLANG_CXX_LANGUAGE_STANDARD = "gnu++14";
				CLANG_CXX_LIBRARY = "libc++";
				CLANG_ENABLE_MODULES = YES;
				CLANG_ENABLE_OBJC_ARC = YES;
				CLANG_ENABLE_OBJC_WEAK = YES;
				CLANG_WARN_BLOCK_CAPTURE_AUTORELEASING = YES;
				CLANG_WARN_BOOL_CONVERSION = YES;
				CLANG_WARN_COMMA = YES;
				CLANG_WARN_CONSTANT_CONVERSION = YES;
				CLANG_WARN_DEPRECATED_OBJC_IMPLEMENTATIONS = YES;
				CLANG_WARN_DIRECT_OBJC_ISA_USAGE = YES_ERROR;
				CLANG_WARN_DOCUMENTATION_COMMENTS = YES;
				CLANG_WARN_EMPTY_BODY = YES;
				CLANG_WARN_ENUM_CONVERSION = YES;
				CLANG_WARN_INFINITE_RECURSION = YES;
				CLANG_WARN_INT_CONVERSION = YES;
				CLANG_WARN_NON_LITERAL_NULL_CONVERSION = YES;
				CLANG_WARN_OBJC_IMPLICIT_RETAIN_SELF = YES;
				CLANG_WARN_OBJC_LITERAL_CONVERSION = YES;
				CLANG_WARN_OBJC_ROOT_CLASS = YES_ERROR;
				CLANG_WARN_QUOTED_INCLUDE_IN_FRAMEWORK_HEADER = YES;
				CLANG_WARN_RANGE_LOOP_ANALYSIS = YES;
				CLANG_WARN_STRICT_PROTOTYPES = YES;
				CLANG_WARN_SUSPICIOUS_MOVE = YES;
				CLANG_WARN_UNGUARDED_AVAILABILITY = YES_AGGRESSIVE;
				CLANG_WARN_UNREACHABLE_CODE = YES;
				CLANG_WARN__DUPLICATE_METHOD_MATCH = YES;
				COPY_PHASE_STRIP = NO;
				DEBUG_INFORMATION_FORMAT = dwarf;
				ENABLE_STRICT_OBJC_MSGSEND = YES;
				ENABLE_TESTABILITY = YES;
				GCC_C_LANGUAGE_STANDARD = gnu11;
				GCC_DYNAMIC_NO_PIC = NO;
				GCC_NO_COMMON_BLOCKS = YES;
				GCC_OPTIMIZATION_LEVEL = 0;
				GCC_PREPROCESSOR_DEFINITIONS = (
					"DEBUG=1",
					"$(inherited)",
				);
				GCC_WARN_64_TO_32_BIT_CONVERSION = YES;
				GCC_WARN_ABOUT_RETURN_TYPE = YES_ERROR;
				GCC_WARN_UNDECLARED_SELECTOR = YES;
				GCC_WARN_UNINITIALIZED_AUTOS = YES_AGGRESSIVE;
				GCC_WARN_UNUSED_FUNCTION = YES;
				GCC_WARN_UNUSED_VARIABLE = YES;
				IPHONEOS_DEPLOYMENT_TARGET = 14.4;
				MTL_ENABLE_DEBUG_INFO = INCLUDE_SOURCE;
				MTL_FAST_MATH = YES;
				ONLY_ACTIVE_ARCH = YES;
				SDKROOT = iphoneos;
				SWIFT_ACTIVE_COMPILATION_CONDITIONS = DEBUG;
				SWIFT_OPTIMIZATION_LEVEL = "-Onone";
			};
			name = Debug;
		};
		1831116926392CC70004A154 /* Release */ = {
			isa = XCBuildConfiguration;
			buildSettings = {
				ALWAYS_SEARCH_USER_PATHS = NO;
				CLANG_ANALYZER_NONNULL = YES;
				CLANG_ANALYZER_NUMBER_OBJECT_CONVERSION = YES_AGGRESSIVE;
				CLANG_CXX_LANGUAGE_STANDARD = "gnu++14";
				CLANG_CXX_LIBRARY = "libc++";
				CLANG_ENABLE_MODULES = YES;
				CLANG_ENABLE_OBJC_ARC = YES;
				CLANG_ENABLE_OBJC_WEAK = YES;
				CLANG_WARN_BLOCK_CAPTURE_AUTORELEASING = YES;
				CLANG_WARN_BOOL_CONVERSION = YES;
				CLANG_WARN_COMMA = YES;
				CLANG_WARN_CONSTANT_CONVERSION = YES;
				CLANG_WARN_DEPRECATED_OBJC_IMPLEMENTATIONS = YES;
				CLANG_WARN_DIRECT_OBJC_ISA_USAGE = YES_ERROR;
				CLANG_WARN_DOCUMENTATION_COMMENTS = YES;
				CLANG_WARN_EMPTY_BODY = YES;
				CLANG_WARN_ENUM_CONVERSION = YES;
				CLANG_WARN_INFINITE_RECURSION = YES;
				CLANG_WARN_INT_CONVERSION = YES;
				CLANG_WARN_NON_LITERAL_NULL_CONVERSION = YES;
				CLANG_WARN_OBJC_IMPLICIT_RETAIN_SELF = YES;
				CLANG_WARN_OBJC_LITERAL_CONVERSION = YES;
				CLANG_WARN_OBJC_ROOT_CLASS = YES_ERROR;
				CLANG_WARN_QUOTED_INCLUDE_IN_FRAMEWORK_HEADER = YES;
				CLANG_WARN_RANGE_LOOP_ANALYSIS = YES;
				CLANG_WARN_STRICT_PROTOTYPES = YES;
				CLANG_WARN_SUSPICIOUS_MOVE = YES;
				CLANG_WARN_UNGUARDED_AVAILABILITY = YES_AGGRESSIVE;
				CLANG_WARN_UNREACHABLE_CODE = YES;
				CLANG_WARN__DUPLICATE_METHOD_MATCH = YES;
				COPY_PHASE_STRIP = NO;
				DEBUG_INFORMATION_FORMAT = "dwarf-with-dsym";
				ENABLE_NS_ASSERTIONS = NO;
				ENABLE_STRICT_OBJC_MSGSEND = YES;
				GCC_C_LANGUAGE_STANDARD = gnu11;
				GCC_NO_COMMON_BLOCKS = YES;
				GCC_WARN_64_TO_32_BIT_CONVERSION = YES;
				GCC_WARN_ABOUT_RETURN_TYPE = YES_ERROR;
				GCC_WARN_UNDECLARED_SELECTOR = YES;
				GCC_WARN_UNINITIALIZED_AUTOS = YES_AGGRESSIVE;
				GCC_WARN_UNUSED_FUNCTION = YES;
				GCC_WARN_UNUSED_VARIABLE = YES;
				IPHONEOS_DEPLOYMENT_TARGET = 14.4;
				MTL_ENABLE_DEBUG_INFO = NO;
				MTL_FAST_MATH = YES;
				SDKROOT = iphoneos;
				SWIFT_COMPILATION_MODE = wholemodule;
				SWIFT_OPTIMIZATION_LEVEL = "-O";
				VALIDATE_PRODUCT = YES;
			};
			name = Release;
		};
		1831116B26392CC70004A154 /* Debug */ = {
			isa = XCBuildConfiguration;
			buildSettings = {
				ASSETCATALOG_COMPILER_APPICON_NAME = AppIcon;
				ASSETCATALOG_COMPILER_GLOBAL_ACCENT_COLOR_NAME = AccentColor;
				CODE_SIGN_STYLE = Automatic;
				DEVELOPMENT_TEAM = 5MUTKPXP7B;
				INFOPLIST_FILE = Demo/Info.plist;
				LD_RUNPATH_SEARCH_PATHS = (
					"$(inherited)",
					"@executable_path/Frameworks",
				);
				PRODUCT_BUNDLE_IDENTIFIER = com.akshay.Demo;
				PRODUCT_NAME = "$(TARGET_NAME)";
				SWIFT_VERSION = 5.0;
				TARGETED_DEVICE_FAMILY = "1,2";
			};
			name = Debug;
		};
		1831116C26392CC70004A154 /* Release */ = {
			isa = XCBuildConfiguration;
			buildSettings = {
				ASSETCATALOG_COMPILER_APPICON_NAME = AppIcon;
				ASSETCATALOG_COMPILER_GLOBAL_ACCENT_COLOR_NAME = AccentColor;
				CODE_SIGN_STYLE = Automatic;
				DEVELOPMENT_TEAM = 5MUTKPXP7B;
				INFOPLIST_FILE = Demo/Info.plist;
				LD_RUNPATH_SEARCH_PATHS = (
					"$(inherited)",
					"@executable_path/Frameworks",
				);
				PRODUCT_BUNDLE_IDENTIFIER = com.akshay.Demo;
				PRODUCT_NAME = "$(TARGET_NAME)";
				SWIFT_VERSION = 5.0;
				TARGETED_DEVICE_FAMILY = "1,2";
			};
			name = Release;
		};
		1831116E26392CC70004A154 /* Debug */ = {
			isa = XCBuildConfiguration;
			buildSettings = {
				ALWAYS_EMBED_SWIFT_STANDARD_LIBRARIES = YES;
				BUNDLE_LOADER = "$(TEST_HOST)";
				CODE_SIGN_STYLE = Automatic;
				DEVELOPMENT_TEAM = 5MUTKPXP7B;
				INFOPLIST_FILE = DemoTests/Info.plist;
				IPHONEOS_DEPLOYMENT_TARGET = 14.4;
				LD_RUNPATH_SEARCH_PATHS = (
					"$(inherited)",
					"@executable_path/Frameworks",
					"@loader_path/Frameworks",
				);
				PRODUCT_BUNDLE_IDENTIFIER = com.akshay.DemoTests;
				PRODUCT_NAME = "$(TARGET_NAME)";
				SWIFT_VERSION = 5.0;
				TARGETED_DEVICE_FAMILY = "1,2";
				TEST_HOST = "$(BUILT_PRODUCTS_DIR)/Demo.app/Demo";
			};
			name = Debug;
		};
		1831116F26392CC70004A154 /* Release */ = {
			isa = XCBuildConfiguration;
			buildSettings = {
				ALWAYS_EMBED_SWIFT_STANDARD_LIBRARIES = YES;
				BUNDLE_LOADER = "$(TEST_HOST)";
				CODE_SIGN_STYLE = Automatic;
				DEVELOPMENT_TEAM = 5MUTKPXP7B;
				INFOPLIST_FILE = DemoTests/Info.plist;
				IPHONEOS_DEPLOYMENT_TARGET = 14.4;
				LD_RUNPATH_SEARCH_PATHS = (
					"$(inherited)",
					"@executable_path/Frameworks",
					"@loader_path/Frameworks",
				);
				PRODUCT_BUNDLE_IDENTIFIER = com.akshay.DemoTests;
				PRODUCT_NAME = "$(TARGET_NAME)";
				SWIFT_VERSION = 5.0;
				TARGETED_DEVICE_FAMILY = "1,2";
				TEST_HOST = "$(BUILT_PRODUCTS_DIR)/Demo.app/Demo";
			};
			name = Release;
		};
		1831117126392CC70004A154 /* Debug */ = {
			isa = XCBuildConfiguration;
			buildSettings = {
				ALWAYS_EMBED_SWIFT_STANDARD_LIBRARIES = YES;
				CODE_SIGN_STYLE = Automatic;
				DEVELOPMENT_TEAM = 5MUTKPXP7B;
				INFOPLIST_FILE = DemoUITests/Info.plist;
				LD_RUNPATH_SEARCH_PATHS = (
					"$(inherited)",
					"@executable_path/Frameworks",
					"@loader_path/Frameworks",
				);
				PRODUCT_BUNDLE_IDENTIFIER = com.akshay.DemoUITests;
				PRODUCT_NAME = "$(TARGET_NAME)";
				SWIFT_VERSION = 5.0;
				TARGETED_DEVICE_FAMILY = "1,2";
				TEST_TARGET_NAME = Demo;
			};
			name = Debug;
		};
		1831117226392CC70004A154 /* Release */ = {
			isa = XCBuildConfiguration;
			buildSettings = {
				ALWAYS_EMBED_SWIFT_STANDARD_LIBRARIES = YES;
				CODE_SIGN_STYLE = Automatic;
				DEVELOPMENT_TEAM = 5MUTKPXP7B;
				INFOPLIST_FILE = DemoUITests/Info.plist;
				LD_RUNPATH_SEARCH_PATHS = (
					"$(inherited)",
					"@executable_path/Frameworks",
					"@loader_path/Frameworks",
				);
				PRODUCT_BUNDLE_IDENTIFIER = com.akshay.DemoUITests;
				PRODUCT_NAME = "$(TARGET_NAME)";
				SWIFT_VERSION = 5.0;
				TARGETED_DEVICE_FAMILY = "1,2";
				TEST_TARGET_NAME = Demo;
			};
			name = Release;
		};
/* End XCBuildConfiguration section */

/* Begin XCConfigurationList section */
		1831113B26392CC30004A154 /* Build configuration list for PBXProject "Demo" */ = {
			isa = XCConfigurationList;
			buildConfigurations = (
				1831116826392CC70004A154 /* Debug */,
				1831116926392CC70004A154 /* Release */,
			);
			defaultConfigurationIsVisible = 0;
			defaultConfigurationName = Release;
		};
		1831116A26392CC70004A154 /* Build configuration list for PBXNativeTarget "Demo" */ = {
			isa = XCConfigurationList;
			buildConfigurations = (
				1831116B26392CC70004A154 /* Debug */,
				1831116C26392CC70004A154 /* Release */,
			);
			defaultConfigurationIsVisible = 0;
			defaultConfigurationName = Release;
		};
		1831116D26392CC70004A154 /* Build configuration list for PBXNativeTarget "DemoTests" */ = {
			isa = XCConfigurationList;
			buildConfigurations = (
				1831116E26392CC70004A154 /* Debug */,
				1831116F26392CC70004A154 /* Release */,
			);
			defaultConfigurationIsVisible = 0;
			defaultConfigurationName = Release;
		};
		1831117026392CC70004A154 /* Build configuration list for PBXNativeTarget "DemoUITests" */ = {
			isa = XCConfigurationList;
			buildConfigurations = (
				1831117126392CC70004A154 /* Debug */,
				1831117226392CC70004A154 /* Release */,
			);
			defaultConfigurationIsVisible = 0;
			defaultConfigurationName = Release;
		};
/* End XCConfigurationList section */
	};
	rootObject = 1831113826392CC30004A154 /* Project object */;
}
